
Microsoft Visual Studio Solution File, Format Version 12.00
# Visual Studio Version 17
VisualStudioVersion = 17.9.34622.214
MinimumVisualStudioVersion = 10.0.40219.1
Project("{2150E333-8FDC-42A3-9474-1A3956D46DE8}") = "AuthService", "AuthService", "{E88455D1-EEFB-4276-8EAD-D6A593B1AFE8}"
EndProject
Project("{9A19103F-16F7-4668-BE54-9A1E7A4F7556}") = "MyStreamHistory.AuthService.Api", "AuthService\MyStreamHistory.AuthService.Api\MyStreamHistory.AuthService.Api.csproj", "{E76C74AE-E456-44E7-AF81-40B85582406F}"
EndProject
Project("{2150E333-8FDC-42A3-9474-1A3956D46DE8}") = "Gateway", "Gateway", "{E08BCE7E-B060-4244-80BB-6FD81FEFA82A}"
EndProject
Project("{2150E333-8FDC-42A3-9474-1A3956D46DE8}") = "Shared", "Shared", "{51AF7274-1B6B-4C08-9831-231958CBC689}"
EndProject
Project("{9A19103F-16F7-4668-BE54-9A1E7A4F7556}") = "MyStreamHistory.Shared.Infrastructure", "Shared\MyStreamHistory.Shared.Infrastructure\MyStreamHistory.Shared.Infrastructure.csproj", "{18321BB5-C472-4855-BE1E-C324032581EF}"
EndProject
Project("{9A19103F-16F7-4668-BE54-9A1E7A4F7556}") = "MyStreamHistory.Gateway.Api", "Gateway\MyStreamHistory.Gateway.Api\MyStreamHistory.Gateway.Api.csproj", "{854A38CA-8C9B-4472-AC01-5D72629DFF1D}"
EndProject
Project("{9A19103F-16F7-4668-BE54-9A1E7A4F7556}") = "MyStreamHistory.Shared.Application", "Shared\MyStreamHistory.Shared.Application\MyStreamHistory.Shared.Application.csproj", "{F35C8F11-1EC8-4EBB-820B-F33EBB4B3722}"
EndProject
Project("{9A19103F-16F7-4668-BE54-9A1E7A4F7556}") = "MyStreamHistory.Shared.Base", "Shared\MyStreamHistory.Shared.Base\MyStreamHistory.Shared.Base.csproj", "{95843DF3-BFB9-499D-AAC7-BBF8320C274A}"
EndProject
Project("{FAE04EC0-301F-11D3-BF4B-00C04F79EFBC}") = "MyStreamHistory.Shared.Api", "Shared\MyStreamHistory.Shared.Api\MyStreamHistory.Shared.Api.csproj", "{0585F4F3-DE57-41A3-A4D7-C6FC6C92FDB9}"
EndProject
Project("{FAE04EC0-301F-11D3-BF4B-00C04F79EFBC}") = "MyStreamHistory.Gateway.Application", "Gateway\MyStreamHistory.Gateway.Application\MyStreamHistory.Gateway.Application.csproj", "{42B5122C-0FF9-4F41-A07F-06CF6F964DFB}"
EndProject
Project("{FAE04EC0-301F-11D3-BF4B-00C04F79EFBC}") = "MyStreamHistory.AuthService.Application", "AuthService\MyStreamHistory.AuthService.Application\MyStreamHistory.AuthService.Application.csproj", "{80BE49E1-6EB9-4D08-AB82-3E94484417AD}"
EndProject
Project("{FAE04EC0-301F-11D3-BF4B-00C04F79EFBC}") = "MyStreamHistory.AuthService.Domain", "AuthService\MyStreamHistory.AuthService.Domain\MyStreamHistory.AuthService.Domain.csproj", "{C0C0BB7A-863C-4996-8130-E03DEF1543A4}"
EndProject
Project("{FAE04EC0-301F-11D3-BF4B-00C04F79EFBC}") = "MyStreamHistory.AuthService.Infrastructure", "AuthService\MyStreamHistory.AuthService.Infrastructure\MyStreamHistory.AuthService.Infrastructure.csproj", "{11164857-5F28-47D8-921F-B9F7093E3779}"
EndProject
Project("{2150E333-8FDC-42A3-9474-1A3956D46DE8}") = "TwitchTrackingService", "TwitchTrackingService", "{93D32940-C2EE-409E-A5EA-F37CE7D5081D}"
EndProject
Project("{FAE04EC0-301F-11D3-BF4B-00C04F79EFBC}") = "MyStreamHistory.TwitchTrackingService.Api", "TwitchTrackingService\MyStreamHistory.TwitchTrackingService.Api\MyStreamHistory.TwitchTrackingService.Api.csproj", "{AF9FCFB4-8E8C-4E33-95BD-7CE6CBDFE17B}"
EndProject
Project("{FAE04EC0-301F-11D3-BF4B-00C04F79EFBC}") = "MyStreamHistory.TwitchTrackingService.Application", "TwitchTrackingService\MyStreamHistory.TwitchTrackingService.Application\MyStreamHistory.TwitchTrackingService.Application.csproj", "{A235B65D-9227-41E5-9BB8-09EA79531FAB}"
EndProject
Project("{FAE04EC0-301F-11D3-BF4B-00C04F79EFBC}") = "MyStreamHistory.TwitchTrackingService.Domain", "TwitchTrackingService\MyStreamHistory.TwitchTrackingService.Domain\MyStreamHistory.TwitchTrackingService.Domain.csproj", "{007612FE-4B0E-478E-A092-069A52E3D0EE}"
EndProject
Project("{FAE04EC0-301F-11D3-BF4B-00C04F79EFBC}") = "MyStreamHistory.TwitchTrackingService.Infrastructure", "TwitchTrackingService\MyStreamHistory.TwitchTrackingService.Infrastructure\MyStreamHistory.TwitchTrackingService.Infrastructure.csproj", "{F6748046-1602-4CB6-9438-234902ACF6A9}"
EndProject
Project("{2150E333-8FDC-42A3-9474-1A3956D46DE8}") = "ViewerService", "ViewerService", "{B83D52B4-656D-1513-B55B-4A67D3E8FA64}"
EndProject
Project("{FAE04EC0-301F-11D3-BF4B-00C04F79EFBC}") = "MyStreamHistory.ViewerService.Api", "ViewerService\MyStreamHistory.ViewerService.Api\MyStreamHistory.ViewerService.Api.csproj", "{3D6F346A-0AF3-414C-95C7-7F400FE55812}"
EndProject
Project("{FAE04EC0-301F-11D3-BF4B-00C04F79EFBC}") = "MyStreamHistory.ViewerService.Application", "ViewerService\MyStreamHistory.ViewerService.Application\MyStreamHistory.ViewerService.Application.csproj", "{B06EC643-74E5-4E82-B3AF-D74B3567D733}"
EndProject
Project("{FAE04EC0-301F-11D3-BF4B-00C04F79EFBC}") = "MyStreamHistory.ViewerService.Domain", "ViewerService\MyStreamHistory.ViewerService.Domain\MyStreamHistory.ViewerService.Domain.csproj", "{60736689-896B-4C11-AF93-D1BB0916AD20}"
EndProject
Project("{FAE04EC0-301F-11D3-BF4B-00C04F79EFBC}") = "MyStreamHistory.ViewerService.Infrastructure", "ViewerService\MyStreamHistory.ViewerService.Infrastructure\MyStreamHistory.ViewerService.Infrastructure.csproj", "{CA468153-093B-4575-980A-B09001086BB3}"
EndProject
Global
	GlobalSection(SolutionConfigurationPlatforms) = preSolution
		Debug|Any CPU = Debug|Any CPU
		Debug|x64 = Debug|x64
		Debug|x86 = Debug|x86
		Release|Any CPU = Release|Any CPU
		Release|x64 = Release|x64
		Release|x86 = Release|x86
	EndGlobalSection
	GlobalSection(ProjectConfigurationPlatforms) = postSolution
		{E76C74AE-E456-44E7-AF81-40B85582406F}.Debug|Any CPU.ActiveCfg = Debug|Any CPU
		{E76C74AE-E456-44E7-AF81-40B85582406F}.Debug|Any CPU.Build.0 = Debug|Any CPU
		{E76C74AE-E456-44E7-AF81-40B85582406F}.Debug|x64.ActiveCfg = Debug|Any CPU
		{E76C74AE-E456-44E7-AF81-40B85582406F}.Debug|x64.Build.0 = Debug|Any CPU
		{E76C74AE-E456-44E7-AF81-40B85582406F}.Debug|x86.ActiveCfg = Debug|Any CPU
		{E76C74AE-E456-44E7-AF81-40B85582406F}.Debug|x86.Build.0 = Debug|Any CPU
		{E76C74AE-E456-44E7-AF81-40B85582406F}.Release|Any CPU.ActiveCfg = Release|Any CPU
		{E76C74AE-E456-44E7-AF81-40B85582406F}.Release|Any CPU.Build.0 = Release|Any CPU
		{E76C74AE-E456-44E7-AF81-40B85582406F}.Release|x64.ActiveCfg = Release|Any CPU
		{E76C74AE-E456-44E7-AF81-40B85582406F}.Release|x64.Build.0 = Release|Any CPU
		{E76C74AE-E456-44E7-AF81-40B85582406F}.Release|x86.ActiveCfg = Release|Any CPU
		{E76C74AE-E456-44E7-AF81-40B85582406F}.Release|x86.Build.0 = Release|Any CPU
		{18321BB5-C472-4855-BE1E-C324032581EF}.Debug|Any CPU.ActiveCfg = Debug|Any CPU
		{18321BB5-C472-4855-BE1E-C324032581EF}.Debug|Any CPU.Build.0 = Debug|Any CPU
		{18321BB5-C472-4855-BE1E-C324032581EF}.Debug|x64.ActiveCfg = Debug|Any CPU
		{18321BB5-C472-4855-BE1E-C324032581EF}.Debug|x64.Build.0 = Debug|Any CPU
		{18321BB5-C472-4855-BE1E-C324032581EF}.Debug|x86.ActiveCfg = Debug|Any CPU
		{18321BB5-C472-4855-BE1E-C324032581EF}.Debug|x86.Build.0 = Debug|Any CPU
		{18321BB5-C472-4855-BE1E-C324032581EF}.Release|Any CPU.ActiveCfg = Release|Any CPU
		{18321BB5-C472-4855-BE1E-C324032581EF}.Release|Any CPU.Build.0 = Release|Any CPU
		{18321BB5-C472-4855-BE1E-C324032581EF}.Release|x64.ActiveCfg = Release|Any CPU
		{18321BB5-C472-4855-BE1E-C324032581EF}.Release|x64.Build.0 = Release|Any CPU
		{18321BB5-C472-4855-BE1E-C324032581EF}.Release|x86.ActiveCfg = Release|Any CPU
		{18321BB5-C472-4855-BE1E-C324032581EF}.Release|x86.Build.0 = Release|Any CPU
		{854A38CA-8C9B-4472-AC01-5D72629DFF1D}.Debug|Any CPU.ActiveCfg = Debug|Any CPU
		{854A38CA-8C9B-4472-AC01-5D72629DFF1D}.Debug|Any CPU.Build.0 = Debug|Any CPU
		{854A38CA-8C9B-4472-AC01-5D72629DFF1D}.Debug|x64.ActiveCfg = Debug|Any CPU
		{854A38CA-8C9B-4472-AC01-5D72629DFF1D}.Debug|x64.Build.0 = Debug|Any CPU
		{854A38CA-8C9B-4472-AC01-5D72629DFF1D}.Debug|x86.ActiveCfg = Debug|Any CPU
		{854A38CA-8C9B-4472-AC01-5D72629DFF1D}.Debug|x86.Build.0 = Debug|Any CPU
		{854A38CA-8C9B-4472-AC01-5D72629DFF1D}.Release|Any CPU.ActiveCfg = Release|Any CPU
		{854A38CA-8C9B-4472-AC01-5D72629DFF1D}.Release|Any CPU.Build.0 = Release|Any CPU
		{854A38CA-8C9B-4472-AC01-5D72629DFF1D}.Release|x64.ActiveCfg = Release|Any CPU
		{854A38CA-8C9B-4472-AC01-5D72629DFF1D}.Release|x64.Build.0 = Release|Any CPU
		{854A38CA-8C9B-4472-AC01-5D72629DFF1D}.Release|x86.ActiveCfg = Release|Any CPU
		{854A38CA-8C9B-4472-AC01-5D72629DFF1D}.Release|x86.Build.0 = Release|Any CPU
		{F35C8F11-1EC8-4EBB-820B-F33EBB4B3722}.Debug|Any CPU.ActiveCfg = Debug|Any CPU
		{F35C8F11-1EC8-4EBB-820B-F33EBB4B3722}.Debug|Any CPU.Build.0 = Debug|Any CPU
		{F35C8F11-1EC8-4EBB-820B-F33EBB4B3722}.Debug|x64.ActiveCfg = Debug|Any CPU
		{F35C8F11-1EC8-4EBB-820B-F33EBB4B3722}.Debug|x64.Build.0 = Debug|Any CPU
		{F35C8F11-1EC8-4EBB-820B-F33EBB4B3722}.Debug|x86.ActiveCfg = Debug|Any CPU
		{F35C8F11-1EC8-4EBB-820B-F33EBB4B3722}.Debug|x86.Build.0 = Debug|Any CPU
		{F35C8F11-1EC8-4EBB-820B-F33EBB4B3722}.Release|Any CPU.ActiveCfg = Release|Any CPU
		{F35C8F11-1EC8-4EBB-820B-F33EBB4B3722}.Release|Any CPU.Build.0 = Release|Any CPU
		{F35C8F11-1EC8-4EBB-820B-F33EBB4B3722}.Release|x64.ActiveCfg = Release|Any CPU
		{F35C8F11-1EC8-4EBB-820B-F33EBB4B3722}.Release|x64.Build.0 = Release|Any CPU
		{F35C8F11-1EC8-4EBB-820B-F33EBB4B3722}.Release|x86.ActiveCfg = Release|Any CPU
		{F35C8F11-1EC8-4EBB-820B-F33EBB4B3722}.Release|x86.Build.0 = Release|Any CPU
		{95843DF3-BFB9-499D-AAC7-BBF8320C274A}.Debug|Any CPU.ActiveCfg = Debug|Any CPU
		{95843DF3-BFB9-499D-AAC7-BBF8320C274A}.Debug|Any CPU.Build.0 = Debug|Any CPU
		{95843DF3-BFB9-499D-AAC7-BBF8320C274A}.Debug|x64.ActiveCfg = Debug|Any CPU
		{95843DF3-BFB9-499D-AAC7-BBF8320C274A}.Debug|x64.Build.0 = Debug|Any CPU
		{95843DF3-BFB9-499D-AAC7-BBF8320C274A}.Debug|x86.ActiveCfg = Debug|Any CPU
		{95843DF3-BFB9-499D-AAC7-BBF8320C274A}.Debug|x86.Build.0 = Debug|Any CPU
		{95843DF3-BFB9-499D-AAC7-BBF8320C274A}.Release|Any CPU.ActiveCfg = Release|Any CPU
		{95843DF3-BFB9-499D-AAC7-BBF8320C274A}.Release|Any CPU.Build.0 = Release|Any CPU
		{95843DF3-BFB9-499D-AAC7-BBF8320C274A}.Release|x64.ActiveCfg = Release|Any CPU
		{95843DF3-BFB9-499D-AAC7-BBF8320C274A}.Release|x64.Build.0 = Release|Any CPU
		{95843DF3-BFB9-499D-AAC7-BBF8320C274A}.Release|x86.ActiveCfg = Release|Any CPU
		{95843DF3-BFB9-499D-AAC7-BBF8320C274A}.Release|x86.Build.0 = Release|Any CPU
		{0585F4F3-DE57-41A3-A4D7-C6FC6C92FDB9}.Debug|Any CPU.ActiveCfg = Debug|Any CPU
		{0585F4F3-DE57-41A3-A4D7-C6FC6C92FDB9}.Debug|Any CPU.Build.0 = Debug|Any CPU
		{0585F4F3-DE57-41A3-A4D7-C6FC6C92FDB9}.Debug|x64.ActiveCfg = Debug|Any CPU
		{0585F4F3-DE57-41A3-A4D7-C6FC6C92FDB9}.Debug|x64.Build.0 = Debug|Any CPU
		{0585F4F3-DE57-41A3-A4D7-C6FC6C92FDB9}.Debug|x86.ActiveCfg = Debug|Any CPU
		{0585F4F3-DE57-41A3-A4D7-C6FC6C92FDB9}.Debug|x86.Build.0 = Debug|Any CPU
		{0585F4F3-DE57-41A3-A4D7-C6FC6C92FDB9}.Release|Any CPU.ActiveCfg = Release|Any CPU
		{0585F4F3-DE57-41A3-A4D7-C6FC6C92FDB9}.Release|Any CPU.Build.0 = Release|Any CPU
		{0585F4F3-DE57-41A3-A4D7-C6FC6C92FDB9}.Release|x64.ActiveCfg = Release|Any CPU
		{0585F4F3-DE57-41A3-A4D7-C6FC6C92FDB9}.Release|x64.Build.0 = Release|Any CPU
		{0585F4F3-DE57-41A3-A4D7-C6FC6C92FDB9}.Release|x86.ActiveCfg = Release|Any CPU
		{0585F4F3-DE57-41A3-A4D7-C6FC6C92FDB9}.Release|x86.Build.0 = Release|Any CPU
		{42B5122C-0FF9-4F41-A07F-06CF6F964DFB}.Debug|Any CPU.ActiveCfg = Debug|Any CPU
		{42B5122C-0FF9-4F41-A07F-06CF6F964DFB}.Debug|Any CPU.Build.0 = Debug|Any CPU
		{42B5122C-0FF9-4F41-A07F-06CF6F964DFB}.Debug|x64.ActiveCfg = Debug|Any CPU
		{42B5122C-0FF9-4F41-A07F-06CF6F964DFB}.Debug|x64.Build.0 = Debug|Any CPU
		{42B5122C-0FF9-4F41-A07F-06CF6F964DFB}.Debug|x86.ActiveCfg = Debug|Any CPU
		{42B5122C-0FF9-4F41-A07F-06CF6F964DFB}.Debug|x86.Build.0 = Debug|Any CPU
		{42B5122C-0FF9-4F41-A07F-06CF6F964DFB}.Release|Any CPU.ActiveCfg = Release|Any CPU
		{42B5122C-0FF9-4F41-A07F-06CF6F964DFB}.Release|Any CPU.Build.0 = Release|Any CPU
		{42B5122C-0FF9-4F41-A07F-06CF6F964DFB}.Release|x64.ActiveCfg = Release|Any CPU
		{42B5122C-0FF9-4F41-A07F-06CF6F964DFB}.Release|x64.Build.0 = Release|Any CPU
		{42B5122C-0FF9-4F41-A07F-06CF6F964DFB}.Release|x86.ActiveCfg = Release|Any CPU
		{42B5122C-0FF9-4F41-A07F-06CF6F964DFB}.Release|x86.Build.0 = Release|Any CPU
		{80BE49E1-6EB9-4D08-AB82-3E94484417AD}.Debug|Any CPU.ActiveCfg = Debug|Any CPU
		{80BE49E1-6EB9-4D08-AB82-3E94484417AD}.Debug|Any CPU.Build.0 = Debug|Any CPU
		{80BE49E1-6EB9-4D08-AB82-3E94484417AD}.Debug|x64.ActiveCfg = Debug|Any CPU
		{80BE49E1-6EB9-4D08-AB82-3E94484417AD}.Debug|x64.Build.0 = Debug|Any CPU
		{80BE49E1-6EB9-4D08-AB82-3E94484417AD}.Debug|x86.ActiveCfg = Debug|Any CPU
		{80BE49E1-6EB9-4D08-AB82-3E94484417AD}.Debug|x86.Build.0 = Debug|Any CPU
		{80BE49E1-6EB9-4D08-AB82-3E94484417AD}.Release|Any CPU.ActiveCfg = Release|Any CPU
		{80BE49E1-6EB9-4D08-AB82-3E94484417AD}.Release|Any CPU.Build.0 = Release|Any CPU
		{80BE49E1-6EB9-4D08-AB82-3E94484417AD}.Release|x64.ActiveCfg = Release|Any CPU
		{80BE49E1-6EB9-4D08-AB82-3E94484417AD}.Release|x64.Build.0 = Release|Any CPU
		{80BE49E1-6EB9-4D08-AB82-3E94484417AD}.Release|x86.ActiveCfg = Release|Any CPU
		{80BE49E1-6EB9-4D08-AB82-3E94484417AD}.Release|x86.Build.0 = Release|Any CPU
		{C0C0BB7A-863C-4996-8130-E03DEF1543A4}.Debug|Any CPU.ActiveCfg = Debug|Any CPU
		{C0C0BB7A-863C-4996-8130-E03DEF1543A4}.Debug|Any CPU.Build.0 = Debug|Any CPU
		{C0C0BB7A-863C-4996-8130-E03DEF1543A4}.Debug|x64.ActiveCfg = Debug|Any CPU
		{C0C0BB7A-863C-4996-8130-E03DEF1543A4}.Debug|x64.Build.0 = Debug|Any CPU
		{C0C0BB7A-863C-4996-8130-E03DEF1543A4}.Debug|x86.ActiveCfg = Debug|Any CPU
		{C0C0BB7A-863C-4996-8130-E03DEF1543A4}.Debug|x86.Build.0 = Debug|Any CPU
		{C0C0BB7A-863C-4996-8130-E03DEF1543A4}.Release|Any CPU.ActiveCfg = Release|Any CPU
		{C0C0BB7A-863C-4996-8130-E03DEF1543A4}.Release|Any CPU.Build.0 = Release|Any CPU
		{C0C0BB7A-863C-4996-8130-E03DEF1543A4}.Release|x64.ActiveCfg = Release|Any CPU
		{C0C0BB7A-863C-4996-8130-E03DEF1543A4}.Release|x64.Build.0 = Release|Any CPU
		{C0C0BB7A-863C-4996-8130-E03DEF1543A4}.Release|x86.ActiveCfg = Release|Any CPU
		{C0C0BB7A-863C-4996-8130-E03DEF1543A4}.Release|x86.Build.0 = Release|Any CPU
		{11164857-5F28-47D8-921F-B9F7093E3779}.Debug|Any CPU.ActiveCfg = Debug|Any CPU
		{11164857-5F28-47D8-921F-B9F7093E3779}.Debug|Any CPU.Build.0 = Debug|Any CPU
		{11164857-5F28-47D8-921F-B9F7093E3779}.Debug|x64.ActiveCfg = Debug|Any CPU
		{11164857-5F28-47D8-921F-B9F7093E3779}.Debug|x64.Build.0 = Debug|Any CPU
		{11164857-5F28-47D8-921F-B9F7093E3779}.Debug|x86.ActiveCfg = Debug|Any CPU
		{11164857-5F28-47D8-921F-B9F7093E3779}.Debug|x86.Build.0 = Debug|Any CPU
		{11164857-5F28-47D8-921F-B9F7093E3779}.Release|Any CPU.ActiveCfg = Release|Any CPU
		{11164857-5F28-47D8-921F-B9F7093E3779}.Release|Any CPU.Build.0 = Release|Any CPU
		{11164857-5F28-47D8-921F-B9F7093E3779}.Release|x64.ActiveCfg = Release|Any CPU
		{11164857-5F28-47D8-921F-B9F7093E3779}.Release|x64.Build.0 = Release|Any CPU
		{11164857-5F28-47D8-921F-B9F7093E3779}.Release|x86.ActiveCfg = Release|Any CPU
		{11164857-5F28-47D8-921F-B9F7093E3779}.Release|x86.Build.0 = Release|Any CPU
		{AF9FCFB4-8E8C-4E33-95BD-7CE6CBDFE17B}.Debug|Any CPU.ActiveCfg = Debug|Any CPU
		{AF9FCFB4-8E8C-4E33-95BD-7CE6CBDFE17B}.Debug|Any CPU.Build.0 = Debug|Any CPU
		{AF9FCFB4-8E8C-4E33-95BD-7CE6CBDFE17B}.Debug|x64.ActiveCfg = Debug|Any CPU
		{AF9FCFB4-8E8C-4E33-95BD-7CE6CBDFE17B}.Debug|x64.Build.0 = Debug|Any CPU
		{AF9FCFB4-8E8C-4E33-95BD-7CE6CBDFE17B}.Debug|x86.ActiveCfg = Debug|Any CPU
		{AF9FCFB4-8E8C-4E33-95BD-7CE6CBDFE17B}.Debug|x86.Build.0 = Debug|Any CPU
		{AF9FCFB4-8E8C-4E33-95BD-7CE6CBDFE17B}.Release|Any CPU.ActiveCfg = Release|Any CPU
		{AF9FCFB4-8E8C-4E33-95BD-7CE6CBDFE17B}.Release|Any CPU.Build.0 = Release|Any CPU
		{AF9FCFB4-8E8C-4E33-95BD-7CE6CBDFE17B}.Release|x64.ActiveCfg = Release|Any CPU
		{AF9FCFB4-8E8C-4E33-95BD-7CE6CBDFE17B}.Release|x64.Build.0 = Release|Any CPU
		{AF9FCFB4-8E8C-4E33-95BD-7CE6CBDFE17B}.Release|x86.ActiveCfg = Release|Any CPU
		{AF9FCFB4-8E8C-4E33-95BD-7CE6CBDFE17B}.Release|x86.Build.0 = Release|Any CPU
		{A235B65D-9227-41E5-9BB8-09EA79531FAB}.Debug|Any CPU.ActiveCfg = Debug|Any CPU
		{A235B65D-9227-41E5-9BB8-09EA79531FAB}.Debug|Any CPU.Build.0 = Debug|Any CPU
		{A235B65D-9227-41E5-9BB8-09EA79531FAB}.Debug|x64.ActiveCfg = Debug|Any CPU
		{A235B65D-9227-41E5-9BB8-09EA79531FAB}.Debug|x64.Build.0 = Debug|Any CPU
		{A235B65D-9227-41E5-9BB8-09EA79531FAB}.Debug|x86.ActiveCfg = Debug|Any CPU
		{A235B65D-9227-41E5-9BB8-09EA79531FAB}.Debug|x86.Build.0 = Debug|Any CPU
		{A235B65D-9227-41E5-9BB8-09EA79531FAB}.Release|Any CPU.ActiveCfg = Release|Any CPU
		{A235B65D-9227-41E5-9BB8-09EA79531FAB}.Release|Any CPU.Build.0 = Release|Any CPU
		{A235B65D-9227-41E5-9BB8-09EA79531FAB}.Release|x64.ActiveCfg = Release|Any CPU
		{A235B65D-9227-41E5-9BB8-09EA79531FAB}.Release|x64.Build.0 = Release|Any CPU
		{A235B65D-9227-41E5-9BB8-09EA79531FAB}.Release|x86.ActiveCfg = Release|Any CPU
		{A235B65D-9227-41E5-9BB8-09EA79531FAB}.Release|x86.Build.0 = Release|Any CPU
		{007612FE-4B0E-478E-A092-069A52E3D0EE}.Debug|Any CPU.ActiveCfg = Debug|Any CPU
		{007612FE-4B0E-478E-A092-069A52E3D0EE}.Debug|Any CPU.Build.0 = Debug|Any CPU
		{007612FE-4B0E-478E-A092-069A52E3D0EE}.Debug|x64.ActiveCfg = Debug|Any CPU
		{007612FE-4B0E-478E-A092-069A52E3D0EE}.Debug|x64.Build.0 = Debug|Any CPU
		{007612FE-4B0E-478E-A092-069A52E3D0EE}.Debug|x86.ActiveCfg = Debug|Any CPU
		{007612FE-4B0E-478E-A092-069A52E3D0EE}.Debug|x86.Build.0 = Debug|Any CPU
		{007612FE-4B0E-478E-A092-069A52E3D0EE}.Release|Any CPU.ActiveCfg = Release|Any CPU
		{007612FE-4B0E-478E-A092-069A52E3D0EE}.Release|Any CPU.Build.0 = Release|Any CPU
		{007612FE-4B0E-478E-A092-069A52E3D0EE}.Release|x64.ActiveCfg = Release|Any CPU
		{007612FE-4B0E-478E-A092-069A52E3D0EE}.Release|x64.Build.0 = Release|Any CPU
		{007612FE-4B0E-478E-A092-069A52E3D0EE}.Release|x86.ActiveCfg = Release|Any CPU
		{007612FE-4B0E-478E-A092-069A52E3D0EE}.Release|x86.Build.0 = Release|Any CPU
		{F6748046-1602-4CB6-9438-234902ACF6A9}.Debug|Any CPU.ActiveCfg = Debug|Any CPU
		{F6748046-1602-4CB6-9438-234902ACF6A9}.Debug|Any CPU.Build.0 = Debug|Any CPU
		{F6748046-1602-4CB6-9438-234902ACF6A9}.Debug|x64.ActiveCfg = Debug|Any CPU
		{F6748046-1602-4CB6-9438-234902ACF6A9}.Debug|x64.Build.0 = Debug|Any CPU
		{F6748046-1602-4CB6-9438-234902ACF6A9}.Debug|x86.ActiveCfg = Debug|Any CPU
		{F6748046-1602-4CB6-9438-234902ACF6A9}.Debug|x86.Build.0 = Debug|Any CPU
		{F6748046-1602-4CB6-9438-234902ACF6A9}.Release|Any CPU.ActiveCfg = Release|Any CPU
		{F6748046-1602-4CB6-9438-234902ACF6A9}.Release|Any CPU.Build.0 = Release|Any CPU
		{F6748046-1602-4CB6-9438-234902ACF6A9}.Release|x64.ActiveCfg = Release|Any CPU
		{F6748046-1602-4CB6-9438-234902ACF6A9}.Release|x64.Build.0 = Release|Any CPU
		{F6748046-1602-4CB6-9438-234902ACF6A9}.Release|x86.ActiveCfg = Release|Any CPU
		{F6748046-1602-4CB6-9438-234902ACF6A9}.Release|x86.Build.0 = Release|Any CPU
		{3D6F346A-0AF3-414C-95C7-7F400FE55812}.Debug|Any CPU.ActiveCfg = Debug|Any CPU
		{3D6F346A-0AF3-414C-95C7-7F400FE55812}.Debug|Any CPU.Build.0 = Debug|Any CPU
		{3D6F346A-0AF3-414C-95C7-7F400FE55812}.Debug|x64.ActiveCfg = Debug|Any CPU
		{3D6F346A-0AF3-414C-95C7-7F400FE55812}.Debug|x64.Build.0 = Debug|Any CPU
		{3D6F346A-0AF3-414C-95C7-7F400FE55812}.Debug|x86.ActiveCfg = Debug|Any CPU
		{3D6F346A-0AF3-414C-95C7-7F400FE55812}.Debug|x86.Build.0 = Debug|Any CPU
		{3D6F346A-0AF3-414C-95C7-7F400FE55812}.Release|Any CPU.ActiveCfg = Release|Any CPU
		{3D6F346A-0AF3-414C-95C7-7F400FE55812}.Release|Any CPU.Build.0 = Release|Any CPU
		{3D6F346A-0AF3-414C-95C7-7F400FE55812}.Release|x64.ActiveCfg = Release|Any CPU
		{3D6F346A-0AF3-414C-95C7-7F400FE55812}.Release|x64.Build.0 = Release|Any CPU
		{3D6F346A-0AF3-414C-95C7-7F400FE55812}.Release|x86.ActiveCfg = Release|Any CPU
		{3D6F346A-0AF3-414C-95C7-7F400FE55812}.Release|x86.Build.0 = Release|Any CPU
		{B06EC643-74E5-4E82-B3AF-D74B3567D733}.Debug|Any CPU.ActiveCfg = Debug|Any CPU
		{B06EC643-74E5-4E82-B3AF-D74B3567D733}.Debug|Any CPU.Build.0 = Debug|Any CPU
		{B06EC643-74E5-4E82-B3AF-D74B3567D733}.Debug|x64.ActiveCfg = Debug|Any CPU
		{B06EC643-74E5-4E82-B3AF-D74B3567D733}.Debug|x64.Build.0 = Debug|Any CPU
		{B06EC643-74E5-4E82-B3AF-D74B3567D733}.Debug|x86.ActiveCfg = Debug|Any CPU
		{B06EC643-74E5-4E82-B3AF-D74B3567D733}.Debug|x86.Build.0 = Debug|Any CPU
		{B06EC643-74E5-4E82-B3AF-D74B3567D733}.Release|Any CPU.ActiveCfg = Release|Any CPU
		{B06EC643-74E5-4E82-B3AF-D74B3567D733}.Release|Any CPU.Build.0 = Release|Any CPU
		{B06EC643-74E5-4E82-B3AF-D74B3567D733}.Release|x64.ActiveCfg = Release|Any CPU
		{B06EC643-74E5-4E82-B3AF-D74B3567D733}.Release|x64.Build.0 = Release|Any CPU
		{B06EC643-74E5-4E82-B3AF-D74B3567D733}.Release|x86.ActiveCfg = Release|Any CPU
		{B06EC643-74E5-4E82-B3AF-D74B3567D733}.Release|x86.Build.0 = Release|Any CPU
		{60736689-896B-4C11-AF93-D1BB0916AD20}.Debug|Any CPU.ActiveCfg = Debug|Any CPU
		{60736689-896B-4C11-AF93-D1BB0916AD20}.Debug|Any CPU.Build.0 = Debug|Any CPU
		{60736689-896B-4C11-AF93-D1BB0916AD20}.Debug|x64.ActiveCfg = Debug|Any CPU
		{60736689-896B-4C11-AF93-D1BB0916AD20}.Debug|x64.Build.0 = Debug|Any CPU
		{60736689-896B-4C11-AF93-D1BB0916AD20}.Debug|x86.ActiveCfg = Debug|Any CPU
		{60736689-896B-4C11-AF93-D1BB0916AD20}.Debug|x86.Build.0 = Debug|Any CPU
		{60736689-896B-4C11-AF93-D1BB0916AD20}.Release|Any CPU.ActiveCfg = Release|Any CPU
		{60736689-896B-4C11-AF93-D1BB0916AD20}.Release|Any CPU.Build.0 = Release|Any CPU
		{60736689-896B-4C11-AF93-D1BB0916AD20}.Release|x64.ActiveCfg = Release|Any CPU
		{60736689-896B-4C11-AF93-D1BB0916AD20}.Release|x64.Build.0 = Release|Any CPU
		{60736689-896B-4C11-AF93-D1BB0916AD20}.Release|x86.ActiveCfg = Release|Any CPU
		{60736689-896B-4C11-AF93-D1BB0916AD20}.Release|x86.Build.0 = Release|Any CPU
		{CA468153-093B-4575-980A-B09001086BB3}.Debug|Any CPU.ActiveCfg = Debug|Any CPU
		{CA468153-093B-4575-980A-B09001086BB3}.Debug|Any CPU.Build.0 = Debug|Any CPU
		{CA468153-093B-4575-980A-B09001086BB3}.Debug|x64.ActiveCfg = Debug|Any CPU
		{CA468153-093B-4575-980A-B09001086BB3}.Debug|x64.Build.0 = Debug|Any CPU
		{CA468153-093B-4575-980A-B09001086BB3}.Debug|x86.ActiveCfg = Debug|Any CPU
		{CA468153-093B-4575-980A-B09001086BB3}.Debug|x86.Build.0 = Debug|Any CPU
		{CA468153-093B-4575-980A-B09001086BB3}.Release|Any CPU.ActiveCfg = Release|Any CPU
		{CA468153-093B-4575-980A-B09001086BB3}.Release|Any CPU.Build.0 = Release|Any CPU
		{CA468153-093B-4575-980A-B09001086BB3}.Release|x64.ActiveCfg = Release|Any CPU
		{CA468153-093B-4575-980A-B09001086BB3}.Release|x64.Build.0 = Release|Any CPU
		{CA468153-093B-4575-980A-B09001086BB3}.Release|x86.ActiveCfg = Release|Any CPU
		{CA468153-093B-4575-980A-B09001086BB3}.Release|x86.Build.0 = Release|Any CPU
	EndGlobalSection
	GlobalSection(SolutionProperties) = preSolution
		HideSolutionNode = FALSE
	EndGlobalSection
	GlobalSection(NestedProjects) = preSolution
		{E76C74AE-E456-44E7-AF81-40B85582406F} = {E88455D1-EEFB-4276-8EAD-D6A593B1AFE8}
		{18321BB5-C472-4855-BE1E-C324032581EF} = {51AF7274-1B6B-4C08-9831-231958CBC689}
		{854A38CA-8C9B-4472-AC01-5D72629DFF1D} = {E08BCE7E-B060-4244-80BB-6FD81FEFA82A}
		{F35C8F11-1EC8-4EBB-820B-F33EBB4B3722} = {51AF7274-1B6B-4C08-9831-231958CBC689}
		{95843DF3-BFB9-499D-AAC7-BBF8320C274A} = {51AF7274-1B6B-4C08-9831-231958CBC689}
		{0585F4F3-DE57-41A3-A4D7-C6FC6C92FDB9} = {51AF7274-1B6B-4C08-9831-231958CBC689}
		{42B5122C-0FF9-4F41-A07F-06CF6F964DFB} = {E08BCE7E-B060-4244-80BB-6FD81FEFA82A}
		{80BE49E1-6EB9-4D08-AB82-3E94484417AD} = {E88455D1-EEFB-4276-8EAD-D6A593B1AFE8}
		{C0C0BB7A-863C-4996-8130-E03DEF1543A4} = {E88455D1-EEFB-4276-8EAD-D6A593B1AFE8}
		{11164857-5F28-47D8-921F-B9F7093E3779} = {E88455D1-EEFB-4276-8EAD-D6A593B1AFE8}
		{AF9FCFB4-8E8C-4E33-95BD-7CE6CBDFE17B} = {93D32940-C2EE-409E-A5EA-F37CE7D5081D}
		{A235B65D-9227-41E5-9BB8-09EA79531FAB} = {93D32940-C2EE-409E-A5EA-F37CE7D5081D}
		{007612FE-4B0E-478E-A092-069A52E3D0EE} = {93D32940-C2EE-409E-A5EA-F37CE7D5081D}
		{F6748046-1602-4CB6-9438-234902ACF6A9} = {93D32940-C2EE-409E-A5EA-F37CE7D5081D}
		{3D6F346A-0AF3-414C-95C7-7F400FE55812} = {B83D52B4-656D-1513-B55B-4A67D3E8FA64}
		{B06EC643-74E5-4E82-B3AF-D74B3567D733} = {B83D52B4-656D-1513-B55B-4A67D3E8FA64}
		{60736689-896B-4C11-AF93-D1BB0916AD20} = {B83D52B4-656D-1513-B55B-4A67D3E8FA64}
		{CA468153-093B-4575-980A-B09001086BB3} = {B83D52B4-656D-1513-B55B-4A67D3E8FA64}
	EndGlobalSection
	GlobalSection(ExtensibilityGlobals) = postSolution
		SolutionGuid = {ECA7E154-E099-4074-92CC-E4BBE0E2EF71}
	EndGlobalSection
EndGlobal
